
Microsoft Visual Studio Solution File, Format Version 12.00
# Visual Studio 2015
Project("{FAE04EC0-301F-11D3-BF4B-00C04F79EFBC}") = "UnityVS.SpaceProject.CSharp", "UnityVS.SpaceProject.CSharp.csproj", "{CECD1ABF-4D34-0A53-E387-8F284A0B3631}"
EndProject
Global
	GlobalSection(SolutionConfigurationPlatforms) = preSolution
		Debug|Any CPU = Debug|Any CPU
		Release|Any CPU = Release|Any CPU
	EndGlobalSection
	GlobalSection(ProjectConfigurationPlatforms) = postSolution
		{CECD1ABF-4D34-0A53-E387-8F284A0B3631}.Debug|Any CPU.ActiveCfg = Debug|Any CPU
		{CECD1ABF-4D34-0A53-E387-8F284A0B3631}.Debug|Any CPU.Build.0 = Debug|Any CPU
		{CECD1ABF-4D34-0A53-E387-8F284A0B3631}.Release|Any CPU.ActiveCfg = Release|Any CPU
		{CECD1ABF-4D34-0A53-E387-8F284A0B3631}.Release|Any CPU.Build.0 = Release|Any CPU
	EndGlobalSection
	GlobalSection(SolutionProperties) = preSolution
		HideSolutionNode = FALSE
	EndGlobalSection
EndGlobal
